
Microsoft Visual Studio Solution File, Format Version 12.00
# Visual Studio Version 16
VisualStudioVersion = 16.0.31702.278
MinimumVisualStudioVersion = 10.0.40219.1
Project("{FAE04EC0-301F-11D3-BF4B-00C04F79EFBC}") = "DLWMS.ConsoleApp", "DLWMS.ConsoleApp\DLWMS.ConsoleApp.csproj", "{93C77184-B756-458D-95B4-8CA7A631C7A7}"
EndProject
Project("{FAE04EC0-301F-11D3-BF4B-00C04F79EFBC}") = "DLWMS.Data", "DLWMS.Data\DLWMS.Data.csproj", "{85919829-2E52-4759-902C-F8D977E2A077}"
EndProject
Global
	GlobalSection(SolutionConfigurationPlatforms) = preSolution
		Debug|Any CPU = Debug|Any CPU
		Release|Any CPU = Release|Any CPU
	EndGlobalSection
	GlobalSection(ProjectConfigurationPlatforms) = postSolution
		{93C77184-B756-458D-95B4-8CA7A631C7A7}.Debug|Any CPU.ActiveCfg = Debug|Any CPU
		{93C77184-B756-458D-95B4-8CA7A631C7A7}.Debug|Any CPU.Build.0 = Debug|Any CPU
		{93C77184-B756-458D-95B4-8CA7A631C7A7}.Release|Any CPU.ActiveCfg = Release|Any CPU
		{93C77184-B756-458D-95B4-8CA7A631C7A7}.Release|Any CPU.Build.0 = Release|Any CPU
		{85919829-2E52-4759-902C-F8D977E2A077}.Debug|Any CPU.ActiveCfg = Debug|Any CPU
		{85919829-2E52-4759-902C-F8D977E2A077}.Debug|Any CPU.Build.0 = Debug|Any CPU
		{85919829-2E52-4759-902C-F8D977E2A077}.Release|Any CPU.ActiveCfg = Release|Any CPU
		{85919829-2E52-4759-902C-F8D977E2A077}.Release|Any CPU.Build.0 = Release|Any CPU
	EndGlobalSection
	GlobalSection(SolutionProperties) = preSolution
		HideSolutionNode = FALSE
	EndGlobalSection
	GlobalSection(ExtensibilityGlobals) = postSolution
		SolutionGuid = {27F926A5-A289-417C-AB84-9D26B3F2F52B}
	EndGlobalSection
EndGlobal
